
Microsoft Visual Studio Solution File, Format Version 12.00
# Visual Studio 15
VisualStudioVersion = 15.0.26124.0
MinimumVisualStudioVersion = 10.0.40219.1
Project("{FAE04EC0-301F-11D3-BF4B-00C04F79EFBC}") = "RelativePanelImplicitAnimation", "RelativePanelImplicitAnimation\RelativePanelImplicitAnimation.csproj", "{F89F3BC9-143A-4661-9610-6F7EDACE7580}"
EndProject
Project("{FAE04EC0-301F-11D3-BF4B-00C04F79EFBC}") = "C211.Uwp.Composition", "..\..\C211.Uwp.Composition\C211.Uwp.Composition.csproj", "{BB9A126C-6339-483C-81C0-0B8C71C890F3}"
EndProject
Project("{2150E333-8FDC-42A3-9474-1A3956D46DE8}") = "Solution Items", "Solution Items", "{259D98EA-3483-424A-BDEE-FA7A0B61F8CB}"
	ProjectSection(SolutionItems) = preProject
		..\..\Readme.md = ..\..\Readme.md
	EndProjectSection
EndProject
Project("{2150E333-8FDC-42A3-9474-1A3956D46DE8}") = "Samples", "Samples", "{5B982D1E-CB18-4909-988E-84CE38243CC0}"
EndProject
Global
	GlobalSection(SolutionConfigurationPlatforms) = preSolution
		Debug|Any CPU = Debug|Any CPU
		Debug|ARM = Debug|ARM
		Debug|x64 = Debug|x64
		Debug|x86 = Debug|x86
		Release|Any CPU = Release|Any CPU
		Release|ARM = Release|ARM
		Release|x64 = Release|x64
		Release|x86 = Release|x86
	EndGlobalSection
	GlobalSection(ProjectConfigurationPlatforms) = postSolution
		{F89F3BC9-143A-4661-9610-6F7EDACE7580}.Debug|Any CPU.ActiveCfg = Debug|x86
		{F89F3BC9-143A-4661-9610-6F7EDACE7580}.Debug|ARM.ActiveCfg = Debug|ARM
		{F89F3BC9-143A-4661-9610-6F7EDACE7580}.Debug|ARM.Build.0 = Debug|ARM
		{F89F3BC9-143A-4661-9610-6F7EDACE7580}.Debug|ARM.Deploy.0 = Debug|ARM
		{F89F3BC9-143A-4661-9610-6F7EDACE7580}.Debug|x64.ActiveCfg = Debug|x64
		{F89F3BC9-143A-4661-9610-6F7EDACE7580}.Debug|x64.Build.0 = Debug|x64
		{F89F3BC9-143A-4661-9610-6F7EDACE7580}.Debug|x64.Deploy.0 = Debug|x64
		{F89F3BC9-143A-4661-9610-6F7EDACE7580}.Debug|x86.ActiveCfg = Debug|x86
		{F89F3BC9-143A-4661-9610-6F7EDACE7580}.Debug|x86.Build.0 = Debug|x86
		{F89F3BC9-143A-4661-9610-6F7EDACE7580}.Debug|x86.Deploy.0 = Debug|x86
		{F89F3BC9-143A-4661-9610-6F7EDACE7580}.Release|Any CPU.ActiveCfg = Release|x86
		{F89F3BC9-143A-4661-9610-6F7EDACE7580}.Release|ARM.ActiveCfg = Release|ARM
		{F89F3BC9-143A-4661-9610-6F7EDACE7580}.Release|ARM.Build.0 = Release|ARM
		{F89F3BC9-143A-4661-9610-6F7EDACE7580}.Release|ARM.Deploy.0 = Release|ARM
		{F89F3BC9-143A-4661-9610-6F7EDACE7580}.Release|x64.ActiveCfg = Release|x64
		{F89F3BC9-143A-4661-9610-6F7EDACE7580}.Release|x64.Build.0 = Release|x64
		{F89F3BC9-143A-4661-9610-6F7EDACE7580}.Release|x64.Deploy.0 = Release|x64
		{F89F3BC9-143A-4661-9610-6F7EDACE7580}.Release|x86.ActiveCfg = Release|x86
		{F89F3BC9-143A-4661-9610-6F7EDACE7580}.Release|x86.Build.0 = Release|x86
		{F89F3BC9-143A-4661-9610-6F7EDACE7580}.Release|x86.Deploy.0 = Release|x86
		{BB9A126C-6339-483C-81C0-0B8C71C890F3}.Debug|Any CPU.ActiveCfg = Debug|Any CPU
		{BB9A126C-6339-483C-81C0-0B8C71C890F3}.Debug|Any CPU.Build.0 = Debug|Any CPU
		{BB9A126C-6339-483C-81C0-0B8C71C890F3}.Debug|ARM.ActiveCfg = Debug|ARM
		{BB9A126C-6339-483C-81C0-0B8C71C890F3}.Debug|ARM.Build.0 = Debug|ARM
		{BB9A126C-6339-483C-81C0-0B8C71C890F3}.Debug|x64.ActiveCfg = Debug|x64
		{BB9A126C-6339-483C-81C0-0B8C71C890F3}.Debug|x64.Build.0 = Debug|x64
		{BB9A126C-6339-483C-81C0-0B8C71C890F3}.Debug|x86.ActiveCfg = Debug|x86
		{BB9A126C-6339-483C-81C0-0B8C71C890F3}.Debug|x86.Build.0 = Debug|x86
		{BB9A126C-6339-483C-81C0-0B8C71C890F3}.Release|Any CPU.ActiveCfg = Release|Any CPU
		{BB9A126C-6339-483C-81C0-0B8C71C890F3}.Release|Any CPU.Build.0 = Release|Any CPU
		{BB9A126C-6339-483C-81C0-0B8C71C890F3}.Release|ARM.ActiveCfg = Release|ARM
		{BB9A126C-6339-483C-81C0-0B8C71C890F3}.Release|ARM.Build.0 = Release|ARM
		{BB9A126C-6339-483C-81C0-0B8C71C890F3}.Release|x64.ActiveCfg = Release|x64
		{BB9A126C-6339-483C-81C0-0B8C71C890F3}.Release|x64.Build.0 = Release|x64
		{BB9A126C-6339-483C-81C0-0B8C71C890F3}.Release|x86.ActiveCfg = Release|x86
		{BB9A126C-6339-483C-81C0-0B8C71C890F3}.Release|x86.Build.0 = Release|x86
	EndGlobalSection
	GlobalSection(SolutionProperties) = preSolution
		HideSolutionNode = FALSE
	EndGlobalSection
	GlobalSection(NestedProjects) = preSolution
		{F89F3BC9-143A-4661-9610-6F7EDACE7580} = {5B982D1E-CB18-4909-988E-84CE38243CC0}
	EndGlobalSection
EndGlobal
