
Microsoft Visual Studio Solution File, Format Version 12.00
# Visual Studio 15
VisualStudioVersion = 15.0.26228.4
MinimumVisualStudioVersion = 10.0.40219.1
Project("{FAE04EC0-301F-11D3-BF4B-00C04F79EFBC}") = "TransparentMenu", "TransparentMenu.csproj", "{4776D321-6B93-4A1E-8027-1C4DF8DE7A83}"
EndProject
Project("{FAE04EC0-301F-11D3-BF4B-00C04F79EFBC}") = "C211.Uwp.Composition", "..\..\C211.Uwp.Composition\C211.Uwp.Composition.csproj", "{BB9A126C-6339-483C-81C0-0B8C71C890F3}"
EndProject
Global
	GlobalSection(SolutionConfigurationPlatforms) = preSolution
		Debug|Any CPU = Debug|Any CPU
		Debug|ARM = Debug|ARM
		Debug|x64 = Debug|x64
		Debug|x86 = Debug|x86
		Release|Any CPU = Release|Any CPU
		Release|ARM = Release|ARM
		Release|x64 = Release|x64
		Release|x86 = Release|x86
	EndGlobalSection
	GlobalSection(ProjectConfigurationPlatforms) = postSolution
		{4776D321-6B93-4A1E-8027-1C4DF8DE7A83}.Debug|Any CPU.ActiveCfg = Debug|x86
		{4776D321-6B93-4A1E-8027-1C4DF8DE7A83}.Debug|ARM.ActiveCfg = Debug|ARM
		{4776D321-6B93-4A1E-8027-1C4DF8DE7A83}.Debug|ARM.Build.0 = Debug|ARM
		{4776D321-6B93-4A1E-8027-1C4DF8DE7A83}.Debug|ARM.Deploy.0 = Debug|ARM
		{4776D321-6B93-4A1E-8027-1C4DF8DE7A83}.Debug|x64.ActiveCfg = Debug|x64
		{4776D321-6B93-4A1E-8027-1C4DF8DE7A83}.Debug|x64.Build.0 = Debug|x64
		{4776D321-6B93-4A1E-8027-1C4DF8DE7A83}.Debug|x64.Deploy.0 = Debug|x64
		{4776D321-6B93-4A1E-8027-1C4DF8DE7A83}.Debug|x86.ActiveCfg = Debug|x86
		{4776D321-6B93-4A1E-8027-1C4DF8DE7A83}.Debug|x86.Build.0 = Debug|x86
		{4776D321-6B93-4A1E-8027-1C4DF8DE7A83}.Debug|x86.Deploy.0 = Debug|x86
		{4776D321-6B93-4A1E-8027-1C4DF8DE7A83}.Release|Any CPU.ActiveCfg = Release|x86
		{4776D321-6B93-4A1E-8027-1C4DF8DE7A83}.Release|ARM.ActiveCfg = Release|ARM
		{4776D321-6B93-4A1E-8027-1C4DF8DE7A83}.Release|ARM.Build.0 = Release|ARM
		{4776D321-6B93-4A1E-8027-1C4DF8DE7A83}.Release|ARM.Deploy.0 = Release|ARM
		{4776D321-6B93-4A1E-8027-1C4DF8DE7A83}.Release|x64.ActiveCfg = Release|x64
		{4776D321-6B93-4A1E-8027-1C4DF8DE7A83}.Release|x64.Build.0 = Release|x64
		{4776D321-6B93-4A1E-8027-1C4DF8DE7A83}.Release|x64.Deploy.0 = Release|x64
		{4776D321-6B93-4A1E-8027-1C4DF8DE7A83}.Release|x86.ActiveCfg = Release|x86
		{4776D321-6B93-4A1E-8027-1C4DF8DE7A83}.Release|x86.Build.0 = Release|x86
		{4776D321-6B93-4A1E-8027-1C4DF8DE7A83}.Release|x86.Deploy.0 = Release|x86
		{BB9A126C-6339-483C-81C0-0B8C71C890F3}.Debug|Any CPU.ActiveCfg = Debug|Any CPU
		{BB9A126C-6339-483C-81C0-0B8C71C890F3}.Debug|Any CPU.Build.0 = Debug|Any CPU
		{BB9A126C-6339-483C-81C0-0B8C71C890F3}.Debug|ARM.ActiveCfg = Debug|ARM
		{BB9A126C-6339-483C-81C0-0B8C71C890F3}.Debug|ARM.Build.0 = Debug|ARM
		{BB9A126C-6339-483C-81C0-0B8C71C890F3}.Debug|x64.ActiveCfg = Debug|x64
		{BB9A126C-6339-483C-81C0-0B8C71C890F3}.Debug|x64.Build.0 = Debug|x64
		{BB9A126C-6339-483C-81C0-0B8C71C890F3}.Debug|x86.ActiveCfg = Debug|x86
		{BB9A126C-6339-483C-81C0-0B8C71C890F3}.Debug|x86.Build.0 = Debug|x86
		{BB9A126C-6339-483C-81C0-0B8C71C890F3}.Release|Any CPU.ActiveCfg = Release|Any CPU
		{BB9A126C-6339-483C-81C0-0B8C71C890F3}.Release|Any CPU.Build.0 = Release|Any CPU
		{BB9A126C-6339-483C-81C0-0B8C71C890F3}.Release|ARM.ActiveCfg = Release|ARM
		{BB9A126C-6339-483C-81C0-0B8C71C890F3}.Release|ARM.Build.0 = Release|ARM
		{BB9A126C-6339-483C-81C0-0B8C71C890F3}.Release|x64.ActiveCfg = Release|x64
		{BB9A126C-6339-483C-81C0-0B8C71C890F3}.Release|x64.Build.0 = Release|x64
		{BB9A126C-6339-483C-81C0-0B8C71C890F3}.Release|x86.ActiveCfg = Release|x86
		{BB9A126C-6339-483C-81C0-0B8C71C890F3}.Release|x86.Build.0 = Release|x86
	EndGlobalSection
	GlobalSection(SolutionProperties) = preSolution
		HideSolutionNode = FALSE
	EndGlobalSection
EndGlobal
